PODS:
  - Verge/Core (7.0.0-beta.18)
  - Verge/Store (7.0.0-beta.18):
    - Verge/Core

DEPENDENCIES:
  - "Verge/Store (from `git@github.com:muukii/Verge`, branch `master`)"

EXTERNAL SOURCES:
  Verge:
    :branch: master
    :git: "git@github.com:muukii/Verge"

CHECKOUT OPTIONS:
  Verge:
    :commit: ff12324ccf14f389528f3f16cf6d716ec5960b80
    :git: "git@github.com:muukii/Verge"

SPEC CHECKSUMS:
  Verge: 9e1a316e6ba7198a8b1a9bd2113d586fb0f91505

PODFILE CHECKSUM: 103584b4cd339325ec79e294f126ddee8b62eb67

COCOAPODS: 1.8.4
