PODS:
  - VergeStore/Core (6.0.0-alpha.1)

DEPENDENCIES:
  - "VergeStore/Core (from `git@github.com:muukii/Verge`, branch `store`)"

EXTERNAL SOURCES:
  VergeStore:
    :branch: store
    :git: "git@github.com:muukii/Verge"

CHECKOUT OPTIONS:
  VergeStore:
    :commit: d20da88ca71cabcda57ed3168aafb9dd7c9e9c88
    :git: "git@github.com:muukii/Verge"

SPEC CHECKSUMS:
  VergeStore: 0fcad73c79426167dc2c6f10286a27cb0acd7219

PODFILE CHECKSUM: dacde4a7ac1f543c49d722c31ed8dea1ecbb463f

COCOAPODS: 1.8.4
