PODS:
  - Verge/Core (6.0.0-beta.8)
  - Verge/Store (6.0.0-beta.8):
    - Verge/Core

DEPENDENCIES:
  - "Verge/Store (from `git@github.com:muukii/Verge`, branch `master`)"

EXTERNAL SOURCES:
  Verge:
    :branch: master
    :git: "git@github.com:muukii/Verge"

CHECKOUT OPTIONS:
  Verge:
    :commit: 31782c9ee4c9f1c99e15d75fa1f1173a9723be1c
    :git: "git@github.com:muukii/Verge"

SPEC CHECKSUMS:
  Verge: 5e14f5dab89136a309dd50476aee4b6a4766f8e2

PODFILE CHECKSUM: 103584b4cd339325ec79e294f126ddee8b62eb67

COCOAPODS: 1.8.4
